
Microsoft Visual Studio Solution File, Format Version 12.00
# Visual Studio 15
VisualStudioVersion = 15.0.26403.7
MinimumVisualStudioVersion = 10.0.40219.1
Project("{2150E333-8FDC-42A3-9474-1A3956D46DE8}") = "Solution Items", "Solution Items", "{0FA49FD3-FCD0-41B2-8E32-A5763D40C97E}"
	ProjectSection(SolutionItems) = preProject
		readme.md = readme.md
	EndProjectSection
EndProject
Project("{FAE04EC0-301F-11D3-BF4B-00C04F79EFBC}") = "KirikiriTest", "KirikiriTest\KirikiriTest.csproj", "{144FB4F4-566E-49E4-A039-C4562FDE9207}"
EndProject
Project("{D954291E-2A0B-460D-934E-DC6B0785DB48}") = "KagSharp", "KagSharp\KagSharp.shproj", "{11E82DDA-9168-44DD-8F68-806DED443200}"
EndProject
Project("{FAE04EC0-301F-11D3-BF4B-00C04F79EFBC}") = "KagSharpWin32", "KagSharpWin32\KagSharpWin32.csproj", "{BB41B855-828E-468A-BC3D-05EFCD574C0D}"
EndProject
Project("{FAE04EC0-301F-11D3-BF4B-00C04F79EFBC}") = "Tjs2Disassembler", "Tjs2Disassembler\Tjs2Disassembler.csproj", "{008C53BE-3787-4671-AC14-4C18194BD916}"
EndProject
Project("{FAE04EC0-301F-11D3-BF4B-00C04F79EFBC}") = "Tjs2Executor", "Tjs2Executor\Tjs2Executor.csproj", "{B8BD9668-D779-438B-8E44-4DECE1A02BD9}"
EndProject
Project("{9A19103F-16F7-4668-BE54-9A1E7A4F7556}") = "Tjs2Net", "Tjs2Net\Tjs2Net.csproj", "{0EA6FD77-6F4B-456B-9B38-409840A050F1}"
EndProject
Global
	GlobalSection(SharedMSBuildProjectFiles) = preSolution
		KagSharp\KagSharp.projitems*{11e82dda-9168-44dd-8f68-806ded443200}*SharedItemsImports = 13
		KagSharp\KagSharp.projitems*{bb41b855-828e-468a-bc3d-05efcd574c0d}*SharedItemsImports = 4
	EndGlobalSection
	GlobalSection(SolutionConfigurationPlatforms) = preSolution
		Debug|.NET = Debug|.NET
		Debug|Any CPU = Debug|Any CPU
		Debug|ARM = Debug|ARM
		Debug|UWP = Debug|UWP
		Debug|x64 = Debug|x64
		Debug|x86 = Debug|x86
		Release|.NET = Release|.NET
		Release|Any CPU = Release|Any CPU
		Release|ARM = Release|ARM
		Release|UWP = Release|UWP
		Release|x64 = Release|x64
		Release|x86 = Release|x86
	EndGlobalSection
	GlobalSection(ProjectConfigurationPlatforms) = postSolution
		{144FB4F4-566E-49E4-A039-C4562FDE9207}.Debug|.NET.ActiveCfg = Debug|Any CPU
		{144FB4F4-566E-49E4-A039-C4562FDE9207}.Debug|.NET.Build.0 = Debug|Any CPU
		{144FB4F4-566E-49E4-A039-C4562FDE9207}.Debug|Any CPU.ActiveCfg = Debug|Any CPU
		{144FB4F4-566E-49E4-A039-C4562FDE9207}.Debug|Any CPU.Build.0 = Debug|Any CPU
		{144FB4F4-566E-49E4-A039-C4562FDE9207}.Debug|ARM.ActiveCfg = Debug|Any CPU
		{144FB4F4-566E-49E4-A039-C4562FDE9207}.Debug|ARM.Build.0 = Debug|Any CPU
		{144FB4F4-566E-49E4-A039-C4562FDE9207}.Debug|UWP.ActiveCfg = Debug|Any CPU
		{144FB4F4-566E-49E4-A039-C4562FDE9207}.Debug|x64.ActiveCfg = Debug|Any CPU
		{144FB4F4-566E-49E4-A039-C4562FDE9207}.Debug|x64.Build.0 = Debug|Any CPU
		{144FB4F4-566E-49E4-A039-C4562FDE9207}.Debug|x86.ActiveCfg = Debug|Any CPU
		{144FB4F4-566E-49E4-A039-C4562FDE9207}.Debug|x86.Build.0 = Debug|Any CPU
		{144FB4F4-566E-49E4-A039-C4562FDE9207}.Release|.NET.ActiveCfg = Release|Any CPU
		{144FB4F4-566E-49E4-A039-C4562FDE9207}.Release|.NET.Build.0 = Release|Any CPU
		{144FB4F4-566E-49E4-A039-C4562FDE9207}.Release|Any CPU.ActiveCfg = Release|Any CPU
		{144FB4F4-566E-49E4-A039-C4562FDE9207}.Release|Any CPU.Build.0 = Release|Any CPU
		{144FB4F4-566E-49E4-A039-C4562FDE9207}.Release|ARM.ActiveCfg = Release|Any CPU
		{144FB4F4-566E-49E4-A039-C4562FDE9207}.Release|ARM.Build.0 = Release|Any CPU
		{144FB4F4-566E-49E4-A039-C4562FDE9207}.Release|UWP.ActiveCfg = Release|Any CPU
		{144FB4F4-566E-49E4-A039-C4562FDE9207}.Release|x64.ActiveCfg = Release|Any CPU
		{144FB4F4-566E-49E4-A039-C4562FDE9207}.Release|x64.Build.0 = Release|Any CPU
		{144FB4F4-566E-49E4-A039-C4562FDE9207}.Release|x86.ActiveCfg = Release|Any CPU
		{144FB4F4-566E-49E4-A039-C4562FDE9207}.Release|x86.Build.0 = Release|Any CPU
		{BB41B855-828E-468A-BC3D-05EFCD574C0D}.Debug|.NET.ActiveCfg = Debug|Any CPU
		{BB41B855-828E-468A-BC3D-05EFCD574C0D}.Debug|.NET.Build.0 = Debug|Any CPU
		{BB41B855-828E-468A-BC3D-05EFCD574C0D}.Debug|Any CPU.ActiveCfg = Debug|Any CPU
		{BB41B855-828E-468A-BC3D-05EFCD574C0D}.Debug|Any CPU.Build.0 = Debug|Any CPU
		{BB41B855-828E-468A-BC3D-05EFCD574C0D}.Debug|ARM.ActiveCfg = Debug|Any CPU
		{BB41B855-828E-468A-BC3D-05EFCD574C0D}.Debug|ARM.Build.0 = Debug|Any CPU
		{BB41B855-828E-468A-BC3D-05EFCD574C0D}.Debug|UWP.ActiveCfg = Debug|Any CPU
		{BB41B855-828E-468A-BC3D-05EFCD574C0D}.Debug|x64.ActiveCfg = Debug|Any CPU
		{BB41B855-828E-468A-BC3D-05EFCD574C0D}.Debug|x64.Build.0 = Debug|Any CPU
		{BB41B855-828E-468A-BC3D-05EFCD574C0D}.Debug|x86.ActiveCfg = Debug|Any CPU
		{BB41B855-828E-468A-BC3D-05EFCD574C0D}.Debug|x86.Build.0 = Debug|Any CPU
		{BB41B855-828E-468A-BC3D-05EFCD574C0D}.Release|.NET.ActiveCfg = Release|Any CPU
		{BB41B855-828E-468A-BC3D-05EFCD574C0D}.Release|.NET.Build.0 = Release|Any CPU
		{BB41B855-828E-468A-BC3D-05EFCD574C0D}.Release|Any CPU.ActiveCfg = Release|Any CPU
		{BB41B855-828E-468A-BC3D-05EFCD574C0D}.Release|Any CPU.Build.0 = Release|Any CPU
		{BB41B855-828E-468A-BC3D-05EFCD574C0D}.Release|ARM.ActiveCfg = Release|Any CPU
		{BB41B855-828E-468A-BC3D-05EFCD574C0D}.Release|ARM.Build.0 = Release|Any CPU
		{BB41B855-828E-468A-BC3D-05EFCD574C0D}.Release|UWP.ActiveCfg = Release|Any CPU
		{BB41B855-828E-468A-BC3D-05EFCD574C0D}.Release|x64.ActiveCfg = Release|Any CPU
		{BB41B855-828E-468A-BC3D-05EFCD574C0D}.Release|x64.Build.0 = Release|Any CPU
		{BB41B855-828E-468A-BC3D-05EFCD574C0D}.Release|x86.ActiveCfg = Release|Any CPU
		{BB41B855-828E-468A-BC3D-05EFCD574C0D}.Release|x86.Build.0 = Release|Any CPU
		{008C53BE-3787-4671-AC14-4C18194BD916}.Debug|.NET.ActiveCfg = Debug|Any CPU
		{008C53BE-3787-4671-AC14-4C18194BD916}.Debug|.NET.Build.0 = Debug|Any CPU
		{008C53BE-3787-4671-AC14-4C18194BD916}.Debug|Any CPU.ActiveCfg = Debug|Any CPU
		{008C53BE-3787-4671-AC14-4C18194BD916}.Debug|Any CPU.Build.0 = Debug|Any CPU
		{008C53BE-3787-4671-AC14-4C18194BD916}.Debug|ARM.ActiveCfg = Debug|Any CPU
		{008C53BE-3787-4671-AC14-4C18194BD916}.Debug|ARM.Build.0 = Debug|Any CPU
		{008C53BE-3787-4671-AC14-4C18194BD916}.Debug|UWP.ActiveCfg = Debug|Any CPU
		{008C53BE-3787-4671-AC14-4C18194BD916}.Debug|UWP.Build.0 = Debug|Any CPU
		{008C53BE-3787-4671-AC14-4C18194BD916}.Debug|x64.ActiveCfg = Debug|Any CPU
		{008C53BE-3787-4671-AC14-4C18194BD916}.Debug|x64.Build.0 = Debug|Any CPU
		{008C53BE-3787-4671-AC14-4C18194BD916}.Debug|x86.ActiveCfg = Debug|Any CPU
		{008C53BE-3787-4671-AC14-4C18194BD916}.Debug|x86.Build.0 = Debug|Any CPU
		{008C53BE-3787-4671-AC14-4C18194BD916}.Release|.NET.ActiveCfg = Release|Any CPU
		{008C53BE-3787-4671-AC14-4C18194BD916}.Release|.NET.Build.0 = Release|Any CPU
		{008C53BE-3787-4671-AC14-4C18194BD916}.Release|Any CPU.ActiveCfg = Release|Any CPU
		{008C53BE-3787-4671-AC14-4C18194BD916}.Release|Any CPU.Build.0 = Release|Any CPU
		{008C53BE-3787-4671-AC14-4C18194BD916}.Release|ARM.ActiveCfg = Release|Any CPU
		{008C53BE-3787-4671-AC14-4C18194BD916}.Release|ARM.Build.0 = Release|Any CPU
		{008C53BE-3787-4671-AC14-4C18194BD916}.Release|UWP.ActiveCfg = Release|Any CPU
		{008C53BE-3787-4671-AC14-4C18194BD916}.Release|UWP.Build.0 = Release|Any CPU
		{008C53BE-3787-4671-AC14-4C18194BD916}.Release|x64.ActiveCfg = Release|Any CPU
		{008C53BE-3787-4671-AC14-4C18194BD916}.Release|x64.Build.0 = Release|Any CPU
		{008C53BE-3787-4671-AC14-4C18194BD916}.Release|x86.ActiveCfg = Release|Any CPU
		{008C53BE-3787-4671-AC14-4C18194BD916}.Release|x86.Build.0 = Release|Any CPU
		{B8BD9668-D779-438B-8E44-4DECE1A02BD9}.Debug|.NET.ActiveCfg = Debug|Any CPU
		{B8BD9668-D779-438B-8E44-4DECE1A02BD9}.Debug|.NET.Build.0 = Debug|Any CPU
		{B8BD9668-D779-438B-8E44-4DECE1A02BD9}.Debug|Any CPU.ActiveCfg = Debug|Any CPU
		{B8BD9668-D779-438B-8E44-4DECE1A02BD9}.Debug|Any CPU.Build.0 = Debug|Any CPU
		{B8BD9668-D779-438B-8E44-4DECE1A02BD9}.Debug|ARM.ActiveCfg = Debug|Any CPU
		{B8BD9668-D779-438B-8E44-4DECE1A02BD9}.Debug|ARM.Build.0 = Debug|Any CPU
		{B8BD9668-D779-438B-8E44-4DECE1A02BD9}.Debug|UWP.ActiveCfg = Debug|Any CPU
		{B8BD9668-D779-438B-8E44-4DECE1A02BD9}.Debug|UWP.Build.0 = Debug|Any CPU
		{B8BD9668-D779-438B-8E44-4DECE1A02BD9}.Debug|x64.ActiveCfg = Debug|Any CPU
		{B8BD9668-D779-438B-8E44-4DECE1A02BD9}.Debug|x64.Build.0 = Debug|Any CPU
		{B8BD9668-D779-438B-8E44-4DECE1A02BD9}.Debug|x86.ActiveCfg = Debug|Any CPU
		{B8BD9668-D779-438B-8E44-4DECE1A02BD9}.Debug|x86.Build.0 = Debug|Any CPU
		{B8BD9668-D779-438B-8E44-4DECE1A02BD9}.Release|.NET.ActiveCfg = Release|Any CPU
		{B8BD9668-D779-438B-8E44-4DECE1A02BD9}.Release|.NET.Build.0 = Release|Any CPU
		{B8BD9668-D779-438B-8E44-4DECE1A02BD9}.Release|Any CPU.ActiveCfg = Release|Any CPU
		{B8BD9668-D779-438B-8E44-4DECE1A02BD9}.Release|Any CPU.Build.0 = Release|Any CPU
		{B8BD9668-D779-438B-8E44-4DECE1A02BD9}.Release|ARM.ActiveCfg = Release|Any CPU
		{B8BD9668-D779-438B-8E44-4DECE1A02BD9}.Release|ARM.Build.0 = Release|Any CPU
		{B8BD9668-D779-438B-8E44-4DECE1A02BD9}.Release|UWP.ActiveCfg = Release|Any CPU
		{B8BD9668-D779-438B-8E44-4DECE1A02BD9}.Release|UWP.Build.0 = Release|Any CPU
		{B8BD9668-D779-438B-8E44-4DECE1A02BD9}.Release|x64.ActiveCfg = Release|Any CPU
		{B8BD9668-D779-438B-8E44-4DECE1A02BD9}.Release|x64.Build.0 = Release|Any CPU
		{B8BD9668-D779-438B-8E44-4DECE1A02BD9}.Release|x86.ActiveCfg = Release|Any CPU
		{B8BD9668-D779-438B-8E44-4DECE1A02BD9}.Release|x86.Build.0 = Release|Any CPU
		{0EA6FD77-6F4B-456B-9B38-409840A050F1}.Debug|.NET.ActiveCfg = Debug|Any CPU
		{0EA6FD77-6F4B-456B-9B38-409840A050F1}.Debug|.NET.Build.0 = Debug|Any CPU
		{0EA6FD77-6F4B-456B-9B38-409840A050F1}.Debug|Any CPU.ActiveCfg = Debug|Any CPU
		{0EA6FD77-6F4B-456B-9B38-409840A050F1}.Debug|Any CPU.Build.0 = Debug|Any CPU
		{0EA6FD77-6F4B-456B-9B38-409840A050F1}.Debug|ARM.ActiveCfg = Debug|Any CPU
		{0EA6FD77-6F4B-456B-9B38-409840A050F1}.Debug|ARM.Build.0 = Debug|Any CPU
		{0EA6FD77-6F4B-456B-9B38-409840A050F1}.Debug|UWP.ActiveCfg = Debug|Any CPU
		{0EA6FD77-6F4B-456B-9B38-409840A050F1}.Debug|UWP.Build.0 = Debug|Any CPU
		{0EA6FD77-6F4B-456B-9B38-409840A050F1}.Debug|x64.ActiveCfg = Debug|Any CPU
		{0EA6FD77-6F4B-456B-9B38-409840A050F1}.Debug|x64.Build.0 = Debug|Any CPU
		{0EA6FD77-6F4B-456B-9B38-409840A050F1}.Debug|x86.ActiveCfg = Debug|Any CPU
		{0EA6FD77-6F4B-456B-9B38-409840A050F1}.Debug|x86.Build.0 = Debug|Any CPU
		{0EA6FD77-6F4B-456B-9B38-409840A050F1}.Release|.NET.ActiveCfg = Release|Any CPU
		{0EA6FD77-6F4B-456B-9B38-409840A050F1}.Release|.NET.Build.0 = Release|Any CPU
		{0EA6FD77-6F4B-456B-9B38-409840A050F1}.Release|Any CPU.ActiveCfg = Release|Any CPU
		{0EA6FD77-6F4B-456B-9B38-409840A050F1}.Release|Any CPU.Build.0 = Release|Any CPU
		{0EA6FD77-6F4B-456B-9B38-409840A050F1}.Release|ARM.ActiveCfg = Release|Any CPU
		{0EA6FD77-6F4B-456B-9B38-409840A050F1}.Release|ARM.Build.0 = Release|Any CPU
		{0EA6FD77-6F4B-456B-9B38-409840A050F1}.Release|UWP.ActiveCfg = Release|Any CPU
		{0EA6FD77-6F4B-456B-9B38-409840A050F1}.Release|UWP.Build.0 = Release|Any CPU
		{0EA6FD77-6F4B-456B-9B38-409840A050F1}.Release|x64.ActiveCfg = Release|Any CPU
		{0EA6FD77-6F4B-456B-9B38-409840A050F1}.Release|x64.Build.0 = Release|Any CPU
		{0EA6FD77-6F4B-456B-9B38-409840A050F1}.Release|x86.ActiveCfg = Release|Any CPU
		{0EA6FD77-6F4B-456B-9B38-409840A050F1}.Release|x86.Build.0 = Release|Any CPU
	EndGlobalSection
	GlobalSection(SolutionProperties) = preSolution
		HideSolutionNode = FALSE
	EndGlobalSection
	GlobalSection(ExtensibilityGlobals) = postSolution
		SolutionGuid = {A2AAE052-1649-4719-B6E3-ED3509CF21EB}
	EndGlobalSection
EndGlobal
